// !$*UTF8*$!
{
	archiveVersion = 1;
	classes = {
	};
	objectVersion = 46;
	objects = {

/* Begin PBXBuildFile section */
		E0899FE31635989400C63744 /* 32.jpg in Resources */ = {isa = PBXBuildFile; fileRef = E0899FE21635989400C63744 /* 32.jpg */; };
		E0BACAB4163526AA00C53728 /* UIKit.framework in Frameworks */ = {isa = PBXBuildFile; fileRef = E0BACAB3163526AA00C53728 /* UIKit.framework */; };
		E0BACAB6163526AA00C53728 /* Foundation.framework in Frameworks */ = {isa = PBXBuildFile; fileRef = E0BACAB5163526AA00C53728 /* Foundation.framework */; };
		E0BACAB8163526AA00C53728 /* CoreGraphics.framework in Frameworks */ = {isa = PBXBuildFile; fileRef = E0BACAB7163526AA00C53728 /* CoreGraphics.framework */; };
		E0BACABE163526AB00C53728 /* InfoPlist.strings in Resources */ = {isa = PBXBuildFile; fileRef = E0BACABC163526AB00C53728 /* InfoPlist.strings */; };
		E0BACAC0163526AB00C53728 /* main.m in Sources */ = {isa = PBXBuildFile; fileRef = E0BACABF163526AB00C53728 /* main.m */; };
		E0BACB4F163527A900C53728 /* LeavesCache.m in Sources */ = {isa = PBXBuildFile; fileRef = E0BACB15163527A900C53728 /* LeavesCache.m */; };
		E0BACB50163527A900C53728 /* LeavesView.m in Sources */ = {isa = PBXBuildFile; fileRef = E0BACB17163527A900C53728 /* LeavesView.m */; };
		E0BACB51163527A900C53728 /* LeavesViewController.m in Sources */ = {isa = PBXBuildFile; fileRef = E0BACB19163527A900C53728 /* LeavesViewController.m */; };
		E0BACB52163527A900C53728 /* NSObject+SBJSON.m in Sources */ = {isa = PBXBuildFile; fileRef = E0BACB1D163527A900C53728 /* NSObject+SBJSON.m */; };
		E0BACB53163527A900C53728 /* NSString+SBJSON.m in Sources */ = {isa = PBXBuildFile; fileRef = E0BACB1F163527A900C53728 /* NSString+SBJSON.m */; };
		E0BACB54163527A900C53728 /* SBJsonBase.m in Sources */ = {isa = PBXBuildFile; fileRef = E0BACB21163527A900C53728 /* SBJsonBase.m */; };
		E0BACB55163527A900C53728 /* SBJsonParser.m in Sources */ = {isa = PBXBuildFile; fileRef = E0BACB23163527A900C53728 /* SBJsonParser.m */; };
		E0BACB56163527A900C53728 /* SBJsonWriter.m in Sources */ = {isa = PBXBuildFile; fileRef = E0BACB25163527A900C53728 /* SBJsonWriter.m */; };
		E0BACB61163527DC00C53728 /* MBProgressHUD.m in Sources */ = {isa = PBXBuildFile; fileRef = E0BACB5A163527DC00C53728 /* MBProgressHUD.m */; };
		E0BACB62163527DC00C53728 /* Reachability.m in Sources */ = {isa = PBXBuildFile; fileRef = E0BACB5C163527DC00C53728 /* Reachability.m */; };
		E0BACB63163527DC00C53728 /* XLSinaAuthorizeController.m in Sources */ = {isa = PBXBuildFile; fileRef = E0BACB5E163527DC00C53728 /* XLSinaAuthorizeController.m */; };
		E0BACB64163527DC00C53728 /* XLSinaEngine.m in Sources */ = {isa = PBXBuildFile; fileRef = E0BACB60163527DC00C53728 /* XLSinaEngine.m */; };
		E0BACB6E1635280100C53728 /* YKAppDelegate.m in Sources */ = {isa = PBXBuildFile; fileRef = E0BACB661635280100C53728 /* YKAppDelegate.m */; };
		E0BACB6F1635280100C53728 /* YKContentsViewController.m in Sources */ = {isa = PBXBuildFile; fileRef = E0BACB681635280100C53728 /* YKContentsViewController.m */; };
		E0BACB701635280100C53728 /* YKContentsViewController.xib in Resources */ = {isa = PBXBuildFile; fileRef = E0BACB691635280100C53728 /* YKContentsViewController.xib */; };
		E0BACB711635280100C53728 /* YKReadViewController.m in Sources */ = {isa = PBXBuildFile; fileRef = E0BACB6B1635280100C53728 /* YKReadViewController.m */; };
		E0BACB721635280100C53728 /* YKViewController.m in Sources */ = {isa = PBXBuildFile; fileRef = E0BACB6D1635280100C53728 /* YKViewController.m */; };
		E0BACB7E1635286C00C53728 /* add@2x.png in Resources */ = {isa = PBXBuildFile; fileRef = E0BACB751635286C00C53728 /* add@2x.png */; };
		E0BACB7F1635286C00C53728 /* back@2x.png in Resources */ = {isa = PBXBuildFile; fileRef = E0BACB761635286C00C53728 /* back@2x.png */; };
		E0BACB801635286C00C53728 /* content_bg@2x.png in Resources */ = {isa = PBXBuildFile; fileRef = E0BACB771635286C00C53728 /* content_bg@2x.png */; };
		E0BACB811635286C00C53728 /* cover@2x.png in Resources */ = {isa = PBXBuildFile; fileRef = E0BACB781635286C00C53728 /* cover@2x.png */; };
		E0BACB821635286C00C53728 /* share@2x.png in Resources */ = {isa = PBXBuildFile; fileRef = E0BACB791635286C00C53728 /* share@2x.png */; };
		E0BACB831635286C00C53728 /* start_read_sel@2x.png in Resources */ = {isa = PBXBuildFile; fileRef = E0BACB7A1635286C00C53728 /* start_read_sel@2x.png */; };
		E0BACB841635286C00C53728 /* start_read@2x.png in Resources */ = {isa = PBXBuildFile; fileRef = E0BACB7B1635286C00C53728 /* start_read@2x.png */; };
		E0BACB851635286C00C53728 /* title_btn_sel@2x.png in Resources */ = {isa = PBXBuildFile; fileRef = E0BACB7C1635286C00C53728 /* title_btn_sel@2x.png */; };
		E0BACB861635286C00C53728 /* title_btn@2x.png in Resources */ = {isa = PBXBuildFile; fileRef = E0BACB7D1635286C00C53728 /* title_btn@2x.png */; };
		E0BACBB71635289C00C53728 /* ASIAuthenticationDialog.m in Sources */ = {isa = PBXBuildFile; fileRef = E0BACBA41635289C00C53728 /* ASIAuthenticationDialog.m */; };
		E0BACBB81635289C00C53728 /* ASIDataCompressor.m in Sources */ = {isa = PBXBuildFile; fileRef = E0BACBA71635289C00C53728 /* ASIDataCompressor.m */; };
		E0BACBB91635289C00C53728 /* ASIDataDecompressor.m in Sources */ = {isa = PBXBuildFile; fileRef = E0BACBA91635289C00C53728 /* ASIDataDecompressor.m */; };
		E0BACBBA1635289C00C53728 /* ASIDownloadCache.m in Sources */ = {isa = PBXBuildFile; fileRef = E0BACBAB1635289C00C53728 /* ASIDownloadCache.m */; };
		E0BACBBB1635289C00C53728 /* ASIFormDataRequest.m in Sources */ = {isa = PBXBuildFile; fileRef = E0BACBAD1635289C00C53728 /* ASIFormDataRequest.m */; };
		E0BACBBC1635289C00C53728 /* ASIHTTPRequest.m in Sources */ = {isa = PBXBuildFile; fileRef = E0BACBAF1635289C00C53728 /* ASIHTTPRequest.m */; };
		E0BACBBD1635289C00C53728 /* ASIInputStream.m in Sources */ = {isa = PBXBuildFile; fileRef = E0BACBB31635289C00C53728 /* ASIInputStream.m */; };
		E0BACBBE1635289C00C53728 /* ASINetworkQueue.m in Sources */ = {isa = PBXBuildFile; fileRef = E0BACBB51635289C00C53728 /* ASINetworkQueue.m */; };
		E0BACC041635292F00C53728 /* CFNetwork.framework in Frameworks */ = {isa = PBXBuildFile; fileRef = E0BACC031635292F00C53728 /* CFNetwork.framework */; };
		E0BACC061635293800C53728 /* SystemConfiguration.framework in Frameworks */ = {isa = PBXBuildFile; fileRef = E0BACC051635293800C53728 /* SystemConfiguration.framework */; };
		E0BACC081635294B00C53728 /* libz.dylib in Frameworks */ = {isa = PBXBuildFile; fileRef = E0BACC071635294B00C53728 /* libz.dylib */; };
		E0BACC0A1635295400C53728 /* MobileCoreServices.framework in Frameworks */ = {isa = PBXBuildFile; fileRef = E0BACC091635295400C53728 /* MobileCoreServices.framework */; };
		E0BACC0C1635297100C53728 /* QuartzCore.framework in Frameworks */ = {isa = PBXBuildFile; fileRef = E0BACC0B1635297100C53728 /* QuartzCore.framework */; };
		E0BACC0E1635299800C53728 /* icon57.png in Resources */ = {isa = PBXBuildFile; fileRef = E0BACC0D1635299800C53728 /* icon57.png */; };
		E0BACC10163529A100C53728 /* icon114.png in Resources */ = {isa = PBXBuildFile; fileRef = E0BACC0F163529A100C53728 /* icon114.png */; };
		E0BACC13163529FD00C53728 /* YKViewController.xib in Resources */ = {isa = PBXBuildFile; fileRef = E0BACC11163529FD00C53728 /* YKViewController.xib */; };
		E0BACC3416352ACA00C53728 /* 1.jpg in Resources */ = {isa = PBXBuildFile; fileRef = E0BACC1516352ACA00C53728 /* 1.jpg */; };
		E0BACC3516352ACA00C53728 /* 10.jpg in Resources */ = {isa = PBXBuildFile; fileRef = E0BACC1616352ACA00C53728 /* 10.jpg */; };
		E0BACC3616352ACA00C53728 /* 11.jpg in Resources */ = {isa = PBXBuildFile; fileRef = E0BACC1716352ACA00C53728 /* 11.jpg */; };
		E0BACC3716352ACA00C53728 /* 12.jpg in Resources */ = {isa = PBXBuildFile; fileRef = E0BACC1816352ACA00C53728 /* 12.jpg */; };
		E0BACC3816352ACA00C53728 /* 13.jpg in Resources */ = {isa = PBXBuildFile; fileRef = E0BACC1916352ACA00C53728 /* 13.jpg */; };
		E0BACC3916352ACA00C53728 /* 14.jpg in Resources */ = {isa = PBXBuildFile; fileRef = E0BACC1A16352ACA00C53728 /* 14.jpg */; };
		E0BACC3A16352ACA00C53728 /* 15.jpg in Resources */ = {isa = PBXBuildFile; fileRef = E0BACC1B16352ACA00C53728 /* 15.jpg */; };
		E0BACC3B16352ACA00C53728 /* 16.jpg in Resources */ = {isa = PBXBuildFile; fileRef = E0BACC1C16352ACA00C53728 /* 16.jpg */; };
		E0BACC3C16352ACA00C53728 /* 17.jpg in Resources */ = {isa = PBXBuildFile; fileRef = E0BACC1D16352ACA00C53728 /* 17.jpg */; };
		E0BACC3D16352ACA00C53728 /* 18.jpg in Resources */ = {isa = PBXBuildFile; fileRef = E0BACC1E16352ACA00C53728 /* 18.jpg */; };
		E0BACC3E16352ACA00C53728 /* 19.jpg in Resources */ = {isa = PBXBuildFile; fileRef = E0BACC1F16352ACA00C53728 /* 19.jpg */; };
		E0BACC3F16352ACA00C53728 /* 2.jpg in Resources */ = {isa = PBXBuildFile; fileRef = E0BACC2016352ACA00C53728 /* 2.jpg */; };
		E0BACC4016352ACA00C53728 /* 20.jpg in Resources */ = {isa = PBXBuildFile; fileRef = E0BACC2116352ACA00C53728 /* 20.jpg */; };
		E0BACC4116352ACA00C53728 /* 21.jpg in Resources */ = {isa = PBXBuildFile; fileRef = E0BACC2216352ACA00C53728 /* 21.jpg */; };
		E0BACC4216352ACA00C53728 /* 22.jpg in Resources */ = {isa = PBXBuildFile; fileRef = E0BACC2316352ACA00C53728 /* 22.jpg */; };
		E0BACC4316352ACA00C53728 /* 23.jpg in Resources */ = {isa = PBXBuildFile; fileRef = E0BACC2416352ACA00C53728 /* 23.jpg */; };
		E0BACC4416352ACA00C53728 /* 24.jpg in Resources */ = {isa = PBXBuildFile; fileRef = E0BACC2516352ACA00C53728 /* 24.jpg */; };
		E0BACC4516352ACA00C53728 /* 25.jpg in Resources */ = {isa = PBXBuildFile; fileRef = E0BACC2616352ACA00C53728 /* 25.jpg */; };
		E0BACC4616352ACA00C53728 /* 26.jpg in Resources */ = {isa = PBXBuildFile; fileRef = E0BACC2716352ACA00C53728 /* 26.jpg */; };
		E0BACC4716352ACA00C53728 /* 27.jpg in Resources */ = {isa = PBXBuildFile; fileRef = E0BACC2816352ACA00C53728 /* 27.jpg */; };
		E0BACC4816352ACA00C53728 /* 28.jpg in Resources */ = {isa = PBXBuildFile; fileRef = E0BACC2916352ACA00C53728 /* 28.jpg */; };
		E0BACC4916352ACA00C53728 /* 29.jpg in Resources */ = {isa = PBXBuildFile; fileRef = E0BACC2A16352ACA00C53728 /* 29.jpg */; };
		E0BACC4A16352ACA00C53728 /* 3.jpg in Resources */ = {isa = PBXBuildFile; fileRef = E0BACC2B16352ACA00C53728 /* 3.jpg */; };
		E0BACC4B16352ACA00C53728 /* 30.jpg in Resources */ = {isa = PBXBuildFile; fileRef = E0BACC2C16352ACA00C53728 /* 30.jpg */; };
		E0BACC4C16352ACA00C53728 /* 31.jpg in Resources */ = {isa = PBXBuildFile; fileRef = E0BACC2D16352ACA00C53728 /* 31.jpg */; };
		E0BACC4D16352ACA00C53728 /* 4.jpg in Resources */ = {isa = PBXBuildFile; fileRef = E0BACC2E16352ACA00C53728 /* 4.jpg */; };
		E0BACC4E16352ACA00C53728 /* 5.jpg in Resources */ = {isa = PBXBuildFile; fileRef = E0BACC2F16352ACA00C53728 /* 5.jpg */; };
		E0BACC4F16352ACA00C53728 /* 6.jpg in Resources */ = {isa = PBXBuildFile; fileRef = E0BACC3016352ACA00C53728 /* 6.jpg */; };
		E0BACC5016352ACA00C53728 /* 7.jpg in Resources */ = {isa = PBXBuildFile; fileRef = E0BACC3116352ACA00C53728 /* 7.jpg */; };
		E0BACC5116352ACA00C53728 /* 8.jpg in Resources */ = {isa = PBXBuildFile; fileRef = E0BACC3216352ACA00C53728 /* 8.jpg */; };
		E0BACC5216352ACA00C53728 /* 9.jpg in Resources */ = {isa = PBXBuildFile; fileRef = E0BACC3316352ACA00C53728 /* 9.jpg */; };
		E0BACC5416352DF300C53728 /* 0.jpg in Resources */ = {isa = PBXBuildFile; fileRef = E0BACC5316352DF300C53728 /* 0.jpg */; };
/* End PBXBuildFile section */

/* Begin PBXFileReference section */
		E0899FE21635989400C63744 /* 32.jpg */ = {isa = PBXFileReference; lastKnownFileType = image.jpeg; path = 32.jpg; sourceTree = "<group>"; };
		E0BACAAF163526AA00C53728 /* YokoManual.app */ = {isa = PBXFileReference; explicitFileType = wrapper.application; includeInIndex = 0; path = YokoManual.app; sourceTree = BUILT_PRODUCTS_DIR; };
		E0BACAB3163526AA00C53728 /* UIKit.framework */ = {isa = PBXFileReference; lastKnownFileType = wrapper.framework; name = UIKit.framework; path = System/Library/Frameworks/UIKit.framework; sourceTree = SDKROOT; };
		E0BACAB5163526AA00C53728 /* Foundation.framework */ = {isa = PBXFileReference; lastKnownFileType = wrapper.framework; name = Foundation.framework; path = System/Library/Frameworks/Foundation.framework; sourceTree = SDKROOT; };
		E0BACAB7163526AA00C53728 /* CoreGraphics.framework */ = {isa = PBXFileReference; lastKnownFileType = wrapper.framework; name = CoreGraphics.framework; path = System/Library/Frameworks/CoreGraphics.framework; sourceTree = SDKROOT; };
		E0BACABB163526AB00C53728 /* YokoManual-Info.plist */ = {isa = PBXFileReference; lastKnownFileType = text.plist.xml; path = "YokoManual-Info.plist"; sourceTree = "<group>"; };
		E0BACABD163526AB00C53728 /* en */ = {isa = PBXFileReference; lastKnownFileType = text.plist.strings; name = en; path = en.lproj/InfoPlist.strings; sourceTree = "<group>"; };
		E0BACABF163526AB00C53728 /* main.m */ = {isa = PBXFileReference; lastKnownFileType = sourcecode.c.objc; path = main.m; sourceTree = "<group>"; };
		E0BACAC1163526AB00C53728 /* YokoManual-Prefix.pch */ = {isa = PBXFileReference; lastKnownFileType = sourcecode.c.h; path = "YokoManual-Prefix.pch"; sourceTree = "<group>"; };
		E0BACB14163527A900C53728 /* LeavesCache.h */ = {isa = PBXFileReference; fileEncoding = 4; lastKnownFileType = sourcecode.c.h; path = LeavesCache.h; sourceTree = "<group>"; };
		E0BACB15163527A900C53728 /* LeavesCache.m */ = {isa = PBXFileReference; fileEncoding = 4; lastKnownFileType = sourcecode.c.objc; path = LeavesCache.m; sourceTree = "<group>"; };
		E0BACB16163527A900C53728 /* LeavesView.h */ = {isa = PBXFileReference; fileEncoding = 4; lastKnownFileType = sourcecode.c.h; path = LeavesView.h; sourceTree = "<group>"; };
		E0BACB17163527A900C53728 /* LeavesView.m */ = {isa = PBXFileReference; fileEncoding = 4; lastKnownFileType = sourcecode.c.objc; path = LeavesView.m; sourceTree = "<group>"; };
		E0BACB18163527A900C53728 /* LeavesViewController.h */ = {isa = PBXFileReference; fileEncoding = 4; lastKnownFileType = sourcecode.c.h; path = LeavesViewController.h; sourceTree = "<group>"; };
		E0BACB19163527A900C53728 /* LeavesViewController.m */ = {isa = PBXFileReference; fileEncoding = 4; lastKnownFileType = sourcecode.c.objc; path = LeavesViewController.m; sourceTree = "<group>"; };
		E0BACB1B163527A900C53728 /* JSON.h */ = {isa = PBXFileReference; fileEncoding = 4; lastKnownFileType = sourcecode.c.h; path = JSON.h; sourceTree = "<group>"; };
		E0BACB1C163527A900C53728 /* NSObject+SBJSON.h */ = {isa = PBXFileReference; fileEncoding = 4; lastKnownFileType = sourcecode.c.h; path = "NSObject+SBJSON.h"; sourceTree = "<group>"; };
		E0BACB1D163527A900C53728 /* NSObject+SBJSON.m */ = {isa = PBXFileReference; fileEncoding = 4; lastKnownFileType = sourcecode.c.objc; path = "NSObject+SBJSON.m"; sourceTree = "<group>"; };
		E0BACB1E163527A900C53728 /* NSString+SBJSON.h */ = {isa = PBXFileReference; fileEncoding = 4; lastKnownFileType = sourcecode.c.h; path = "NSString+SBJSON.h"; sourceTree = "<group>"; };
		E0BACB1F163527A900C53728 /* NSString+SBJSON.m */ = {isa = PBXFileReference; fileEncoding = 4; lastKnownFileType = sourcecode.c.objc; path = "NSString+SBJSON.m"; sourceTree = "<group>"; };
		E0BACB20163527A900C53728 /* SBJsonBase.h */ = {isa = PBXFileReference; fileEncoding = 4; lastKnownFileType = sourcecode.c.h; path = SBJsonBase.h; sourceTree = "<group>"; };
		E0BACB21163527A900C53728 /* SBJsonBase.m */ = {isa = PBXFileReference; fileEncoding = 4; lastKnownFileType = sourcecode.c.objc; path = SBJsonBase.m; sourceTree = "<group>"; };
		E0BACB22163527A900C53728 /* SBJsonParser.h */ = {isa = PBXFileReference; fileEncoding = 4; lastKnownFileType = sourcecode.c.h; path = SBJsonParser.h; sourceTree = "<group>"; };
		E0BACB23163527A900C53728 /* SBJsonParser.m */ = {isa = PBXFileReference; fileEncoding = 4; lastKnownFileType = sourcecode.c.objc; path = SBJsonParser.m; sourceTree = "<group>"; };
		E0BACB24163527A900C53728 /* SBJsonWriter.h */ = {isa = PBXFileReference; fileEncoding = 4; lastKnownFileType = sourcecode.c.h; path = SBJsonWriter.h; sourceTree = "<group>"; };
		E0BACB25163527A900C53728 /* SBJsonWriter.m */ = {isa = PBXFileReference; fileEncoding = 4; lastKnownFileType = sourcecode.c.objc; path = SBJsonWriter.m; sourceTree = "<group>"; };
		E0BACB59163527DC00C53728 /* MBProgressHUD.h */ = {isa = PBXFileReference; fileEncoding = 4; lastKnownFileType = sourcecode.c.h; path = MBProgressHUD.h; sourceTree = "<group>"; };
		E0BACB5A163527DC00C53728 /* MBProgressHUD.m */ = {isa = PBXFileReference; fileEncoding = 4; lastKnownFileType = sourcecode.c.objc; path = MBProgressHUD.m; sourceTree = "<group>"; };
		E0BACB5B163527DC00C53728 /* Reachability.h */ = {isa = PBXFileReference; fileEncoding = 4; lastKnownFileType = sourcecode.c.h; path = Reachability.h; sourceTree = "<group>"; };
		E0BACB5C163527DC00C53728 /* Reachability.m */ = {isa = PBXFileReference; fileEncoding = 4; lastKnownFileType = sourcecode.c.objc; path = Reachability.m; sourceTree = "<group>"; };
		E0BACB5D163527DC00C53728 /* XLSinaAuthorizeController.h */ = {isa = PBXFileReference; fileEncoding = 4; lastKnownFileType = sourcecode.c.h; path = XLSinaAuthorizeController.h; sourceTree = "<group>"; };
		E0BACB5E163527DC00C53728 /* XLSinaAuthorizeController.m */ = {isa = PBXFileReference; fileEncoding = 4; lastKnownFileType = sourcecode.c.objc; path = XLSinaAuthorizeController.m; sourceTree = "<group>"; };
		E0BACB5F163527DC00C53728 /* XLSinaEngine.h */ = {isa = PBXFileReference; fileEncoding = 4; lastKnownFileType = sourcecode.c.h; path = XLSinaEngine.h; sourceTree = "<group>"; };
		E0BACB60163527DC00C53728 /* XLSinaEngine.m */ = {isa = PBXFileReference; fileEncoding = 4; lastKnownFileType = sourcecode.c.objc; path = XLSinaEngine.m; sourceTree = "<group>"; };
		E0BACB651635280100C53728 /* YKAppDelegate.h */ = {isa = PBXFileReference; fileEncoding = 4; lastKnownFileType = sourcecode.c.h; path = YKAppDelegate.h; sourceTree = "<group>"; };
		E0BACB661635280100C53728 /* YKAppDelegate.m */ = {isa = PBXFileReference; fileEncoding = 4; lastKnownFileType = sourcecode.c.objc; path = YKAppDelegate.m; sourceTree = "<group>"; };
		E0BACB671635280100C53728 /* YKContentsViewController.h */ = {isa = PBXFileReference; fileEncoding = 4; lastKnownFileType = sourcecode.c.h; path = YKContentsViewController.h; sourceTree = "<group>"; };
		E0BACB681635280100C53728 /* YKContentsViewController.m */ = {isa = PBXFileReference; fileEncoding = 4; lastKnownFileType = sourcecode.c.objc; path = YKContentsViewController.m; sourceTree = "<group>"; };
		E0BACB691635280100C53728 /* YKContentsViewController.xib */ = {isa = PBXFileReference; fileEncoding = 4; lastKnownFileType = file.xib; path = YKContentsViewController.xib; sourceTree = "<group>"; };
		E0BACB6A1635280100C53728 /* YKReadViewController.h */ = {isa = PBXFileReference; fileEncoding = 4; lastKnownFileType = sourcecode.c.h; path = YKReadViewController.h; sourceTree = "<group>"; };
		E0BACB6B1635280100C53728 /* YKReadViewController.m */ = {isa = PBXFileReference; fileEncoding = 4; lastKnownFileType = sourcecode.c.objc; path = YKReadViewController.m; sourceTree = "<group>"; };
		E0BACB6C1635280100C53728 /* YKViewController.h */ = {isa = PBXFileReference; fileEncoding = 4; lastKnownFileType = sourcecode.c.h; path = YKViewController.h; sourceTree = "<group>"; };
		E0BACB6D1635280100C53728 /* YKViewController.m */ = {isa = PBXFileReference; fileEncoding = 4; lastKnownFileType = sourcecode.c.objc; path = YKViewController.m; sourceTree = "<group>"; };
		E0BACB751635286C00C53728 /* add@2x.png */ = {isa = PBXFileReference; lastKnownFileType = image.png; path = "add@2x.png"; sourceTree = "<group>"; };
		E0BACB761635286C00C53728 /* back@2x.png */ = {isa = PBXFileReference; lastKnownFileType = image.png; path = "back@2x.png"; sourceTree = "<group>"; };
		E0BACB771635286C00C53728 /* content_bg@2x.png */ = {isa = PBXFileReference; lastKnownFileType = image.png; path = "content_bg@2x.png"; sourceTree = "<group>"; };
		E0BACB781635286C00C53728 /* cover@2x.png */ = {isa = PBXFileReference; lastKnownFileType = image.png; path = "cover@2x.png"; sourceTree = "<group>"; };
		E0BACB791635286C00C53728 /* share@2x.png */ = {isa = PBXFileReference; lastKnownFileType = image.png; path = "share@2x.png"; sourceTree = "<group>"; };
		E0BACB7A1635286C00C53728 /* start_read_sel@2x.png */ = {isa = PBXFileReference; lastKnownFileType = image.png; path = "start_read_sel@2x.png"; sourceTree = "<group>"; };
		E0BACB7B1635286C00C53728 /* start_read@2x.png */ = {isa = PBXFileReference; lastKnownFileType = image.png; path = "start_read@2x.png"; sourceTree = "<group>"; };
		E0BACB7C1635286C00C53728 /* title_btn_sel@2x.png */ = {isa = PBXFileReference; lastKnownFileType = image.png; path = "title_btn_sel@2x.png"; sourceTree = "<group>"; };
		E0BACB7D1635286C00C53728 /* title_btn@2x.png */ = {isa = PBXFileReference; lastKnownFileType = image.png; path = "title_btn@2x.png"; sourceTree = "<group>"; };
		E0BACBA31635289C00C53728 /* ASIAuthenticationDialog.h */ = {isa = PBXFileReference; fileEncoding = 4; lastKnownFileType = sourcecode.c.h; path = ASIAuthenticationDialog.h; sourceTree = "<group>"; };
		E0BACBA41635289C00C53728 /* ASIAuthenticationDialog.m */ = {isa = PBXFileReference; fileEncoding = 4; lastKnownFileType = sourcecode.c.objc; path = ASIAuthenticationDialog.m; sourceTree = "<group>"; };
		E0BACBA51635289C00C53728 /* ASICacheDelegate.h */ = {isa = PBXFileReference; fileEncoding = 4; lastKnownFileType = sourcecode.c.h; path = ASICacheDelegate.h; sourceTree = "<group>"; };
		E0BACBA61635289C00C53728 /* ASIDataCompressor.h */ = {isa = PBXFileReference; fileEncoding = 4; lastKnownFileType = sourcecode.c.h; path = ASIDataCompressor.h; sourceTree = "<group>"; };
		E0BACBA71635289C00C53728 /* ASIDataCompressor.m */ = {isa = PBXFileReference; fileEncoding = 4; lastKnownFileType = sourcecode.c.objc; path = ASIDataCompressor.m; sourceTree = "<group>"; };
		E0BACBA81635289C00C53728 /* ASIDataDecompressor.h */ = {isa = PBXFileReference; fileEncoding = 4; lastKnownFileType = sourcecode.c.h; path = ASIDataDecompressor.h; sourceTree = "<group>"; };
		E0BACBA91635289C00C53728 /* ASIDataDecompressor.m */ = {isa = PBXFileReference; fileEncoding = 4; lastKnownFileType = sourcecode.c.objc; path = ASIDataDecompressor.m; sourceTree = "<group>"; };
		E0BACBAA1635289C00C53728 /* ASIDownloadCache.h */ = {isa = PBXFileReference; fileEncoding = 4; lastKnownFileType = sourcecode.c.h; path = ASIDownloadCache.h; sourceTree = "<group>"; };
		E0BACBAB1635289C00C53728 /* ASIDownloadCache.m */ = {isa = PBXFileReference; fileEncoding = 4; lastKnownFileType = sourcecode.c.objc; path = ASIDownloadCache.m; sourceTree = "<group>"; };
		E0BACBAC1635289C00C53728 /* ASIFormDataRequest.h */ = {isa = PBXFileReference; fileEncoding = 4; lastKnownFileType = sourcecode.c.h; path = ASIFormDataRequest.h; sourceTree = "<group>"; };
		E0BACBAD1635289C00C53728 /* ASIFormDataRequest.m */ = {isa = PBXFileReference; fileEncoding = 4; lastKnownFileType = sourcecode.c.objc; path = ASIFormDataRequest.m; sourceTree = "<group>"; };
		E0BACBAE1635289C00C53728 /* ASIHTTPRequest.h */ = {isa = PBXFileReference; fileEncoding = 4; lastKnownFileType = sourcecode.c.h; path = ASIHTTPRequest.h; sourceTree = "<group>"; };
		E0BACBAF1635289C00C53728 /* ASIHTTPRequest.m */ = {isa = PBXFileReference; fileEncoding = 4; lastKnownFileType = sourcecode.c.objc; path = ASIHTTPRequest.m; sourceTree = "<group>"; };
		E0BACBB01635289C00C53728 /* ASIHTTPRequestConfig.h */ = {isa = PBXFileReference; fileEncoding = 4; lastKnownFileType = sourcecode.c.h; path = ASIHTTPRequestConfig.h; sourceTree = "<group>"; };
		E0BACBB11635289C00C53728 /* ASIHTTPRequestDelegate.h */ = {isa = PBXFileReference; fileEncoding = 4; lastKnownFileType = sourcecode.c.h; path = ASIHTTPRequestDelegate.h; sourceTree = "<group>"; };
		E0BACBB21635289C00C53728 /* ASIInputStream.h */ = {isa = PBXFileReference; fileEncoding = 4; lastKnownFileType = sourcecode.c.h; path = ASIInputStream.h; sourceTree = "<group>"; };
		E0BACBB31635289C00C53728 /* ASIInputStream.m */ = {isa = PBXFileReference; fileEncoding = 4; lastKnownFileType = sourcecode.c.objc; path = ASIInputStream.m; sourceTree = "<group>"; };
		E0BACBB41635289C00C53728 /* ASINetworkQueue.h */ = {isa = PBXFileReference; fileEncoding = 4; lastKnownFileType = sourcecode.c.h; path = ASINetworkQueue.h; sourceTree = "<group>"; };
		E0BACBB51635289C00C53728 /* ASINetworkQueue.m */ = {isa = PBXFileReference; fileEncoding = 4; lastKnownFileType = sourcecode.c.objc; path = ASINetworkQueue.m; sourceTree = "<group>"; };
		E0BACBB61635289C00C53728 /* ASIProgressDelegate.h */ = {isa = PBXFileReference; fileEncoding = 4; lastKnownFileType = sourcecode.c.h; path = ASIProgressDelegate.h; sourceTree = "<group>"; };
		E0BACC031635292F00C53728 /* CFNetwork.framework */ = {isa = PBXFileReference; lastKnownFileType = wrapper.framework; name = CFNetwork.framework; path = System/Library/Frameworks/CFNetwork.framework; sourceTree = SDKROOT; };
		E0BACC051635293800C53728 /* SystemConfiguration.framework */ = {isa = PBXFileReference; lastKnownFileType = wrapper.framework; name = SystemConfiguration.framework; path = System/Library/Frameworks/SystemConfiguration.framework; sourceTree = SDKROOT; };
		E0BACC071635294B00C53728 /* libz.dylib */ = {isa = PBXFileReference; lastKnownFileType = "compiled.mach-o.dylib"; name = libz.dylib; path = usr/lib/libz.dylib; sourceTree = SDKROOT; };
		E0BACC091635295400C53728 /* MobileCoreServices.framework */ = {isa = PBXFileReference; lastKnownFileType = wrapper.framework; name = MobileCoreServices.framework; path = System/Library/Frameworks/MobileCoreServices.framework; sourceTree = SDKROOT; };
		E0BACC0B1635297100C53728 /* QuartzCore.framework */ = {isa = PBXFileReference; lastKnownFileType = wrapper.framework; name = QuartzCore.framework; path = System/Library/Frameworks/QuartzCore.framework; sourceTree = SDKROOT; };
		E0BACC0D1635299800C53728 /* icon57.png */ = {isa = PBXFileReference; lastKnownFileType = image.png; path = icon57.png; sourceTree = "<group>"; };
		E0BACC0F163529A100C53728 /* icon114.png */ = {isa = PBXFileReference; lastKnownFileType = image.png; path = icon114.png; sourceTree = "<group>"; };
		E0BACC12163529FD00C53728 /* en */ = {isa = PBXFileReference; lastKnownFileType = file.xib; name = en; path = en.lproj/YKViewController.xib; sourceTree = "<group>"; };
		E0BACC1516352ACA00C53728 /* 1.jpg */ = {isa = PBXFileReference; lastKnownFileType = image.jpeg; path = 1.jpg; sourceTree = "<group>"; };
		E0BACC1616352ACA00C53728 /* 10.jpg */ = {isa = PBXFileReference; lastKnownFileType = image.jpeg; path = 10.jpg; sourceTree = "<group>"; };
		E0BACC1716352ACA00C53728 /* 11.jpg */ = {isa = PBXFileReference; lastKnownFileType = image.jpeg; path = 11.jpg; sourceTree = "<group>"; };
		E0BACC1816352ACA00C53728 /* 12.jpg */ = {isa = PBXFileReference; lastKnownFileType = image.jpeg; path = 12.jpg; sourceTree = "<group>"; };
		E0BACC1916352ACA00C53728 /* 13.jpg */ = {isa = PBXFileReference; lastKnownFileType = image.jpeg; path = 13.jpg; sourceTree = "<group>"; };
		E0BACC1A16352ACA00C53728 /* 14.jpg */ = {isa = PBXFileReference; lastKnownFileType = image.jpeg; path = 14.jpg; sourceTree = "<group>"; };
		E0BACC1B16352ACA00C53728 /* 15.jpg */ = {isa = PBXFileReference; lastKnownFileType = image.jpeg; path = 15.jpg; sourceTree = "<group>"; };
		E0BACC1C16352ACA00C53728 /* 16.jpg */ = {isa = PBXFileReference; lastKnownFileType = image.jpeg; path = 16.jpg; sourceTree = "<group>"; };
		E0BACC1D16352ACA00C53728 /* 17.jpg */ = {isa = PBXFileReference; lastKnownFileType = image.jpeg; path = 17.jpg; sourceTree = "<group>"; };
		E0BACC1E16352ACA00C53728 /* 18.jpg */ = {isa = PBXFileReference; lastKnownFileType = image.jpeg; path = 18.jpg; sourceTree = "<group>"; };
		E0BACC1F16352ACA00C53728 /* 19.jpg */ = {isa = PBXFileReference; lastKnownFileType = image.jpeg; path = 19.jpg; sourceTree = "<group>"; };
		E0BACC2016352ACA00C53728 /* 2.jpg */ = {isa = PBXFileReference; lastKnownFileType = image.jpeg; path = 2.jpg; sourceTree = "<group>"; };
		E0BACC2116352ACA00C53728 /* 20.jpg */ = {isa = PBXFileReference; lastKnownFileType = image.jpeg; path = 20.jpg; sourceTree = "<group>"; };
		E0BACC2216352ACA00C53728 /* 21.jpg */ = {isa = PBXFileReference; lastKnownFileType = image.jpeg; path = 21.jpg; sourceTree = "<group>"; };
		E0BACC2316352ACA00C53728 /* 22.jpg */ = {isa = PBXFileReference; lastKnownFileType = image.jpeg; path = 22.jpg; sourceTree = "<group>"; };
		E0BACC2416352ACA00C53728 /* 23.jpg */ = {isa = PBXFileReference; lastKnownFileType = image.jpeg; path = 23.jpg; sourceTree = "<group>"; };
		E0BACC2516352ACA00C53728 /* 24.jpg */ = {isa = PBXFileReference; lastKnownFileType = image.jpeg; path = 24.jpg; sourceTree = "<group>"; };
		E0BACC2616352ACA00C53728 /* 25.jpg */ = {isa = PBXFileReference; lastKnownFileType = image.jpeg; path = 25.jpg; sourceTree = "<group>"; };
		E0BACC2716352ACA00C53728 /* 26.jpg */ = {isa = PBXFileReference; lastKnownFileType = image.jpeg; path = 26.jpg; sourceTree = "<group>"; };
		E0BACC2816352ACA00C53728 /* 27.jpg */ = {isa = PBXFileReference; lastKnownFileType = image.jpeg; path = 27.jpg; sourceTree = "<group>"; };
		E0BACC2916352ACA00C53728 /* 28.jpg */ = {isa = PBXFileReference; lastKnownFileType = image.jpeg; path = 28.jpg; sourceTree = "<group>"; };
		E0BACC2A16352ACA00C53728 /* 29.jpg */ = {isa = PBXFileReference; lastKnownFileType = image.jpeg; path = 29.jpg; sourceTree = "<group>"; };
		E0BACC2B16352ACA00C53728 /* 3.jpg */ = {isa = PBXFileReference; lastKnownFileType = image.jpeg; path = 3.jpg; sourceTree = "<group>"; };
		E0BACC2C16352ACA00C53728 /* 30.jpg */ = {isa = PBXFileReference; lastKnownFileType = image.jpeg; path = 30.jpg; sourceTree = "<group>"; };
		E0BACC2D16352ACA00C53728 /* 31.jpg */ = {isa = PBXFileReference; lastKnownFileType = image.jpeg; path = 31.jpg; sourceTree = "<group>"; };
		E0BACC2E16352ACA00C53728 /* 4.jpg */ = {isa = PBXFileReference; lastKnownFileType = image.jpeg; path = 4.jpg; sourceTree = "<group>"; };
		E0BACC2F16352ACA00C53728 /* 5.jpg */ = {isa = PBXFileReference; lastKnownFileType = image.jpeg; path = 5.jpg; sourceTree = "<group>"; };
		E0BACC3016352ACA00C53728 /* 6.jpg */ = {isa = PBXFileReference; lastKnownFileType = image.jpeg; path = 6.jpg; sourceTree = "<group>"; };
		E0BACC3116352ACA00C53728 /* 7.jpg */ = {isa = PBXFileReference; lastKnownFileType = image.jpeg; path = 7.jpg; sourceTree = "<group>"; };
		E0BACC3216352ACA00C53728 /* 8.jpg */ = {isa = PBXFileReference; lastKnownFileType = image.jpeg; path = 8.jpg; sourceTree = "<group>"; };
		E0BACC3316352ACA00C53728 /* 9.jpg */ = {isa = PBXFileReference; lastKnownFileType = image.jpeg; path = 9.jpg; sourceTree = "<group>"; };
		E0BACC5316352DF300C53728 /* 0.jpg */ = {isa = PBXFileReference; lastKnownFileType = image.jpeg; path = 0.jpg; sourceTree = "<group>"; };
/* End PBXFileReference section */

/* Begin PBXFrameworksBuildPhase section */
		E0BACAAC163526AA00C53728 /* Frameworks */ = {
			isa = PBXFrameworksBuildPhase;
			buildActionMask = 2147483647;
			files = (
				E0BACC0C1635297100C53728 /* QuartzCore.framework in Frameworks */,
				E0BACC0A1635295400C53728 /* MobileCoreServices.framework in Frameworks */,
				E0BACC081635294B00C53728 /* libz.dylib in Frameworks */,
				E0BACC061635293800C53728 /* SystemConfiguration.framework in Frameworks */,
				E0BACC041635292F00C53728 /* CFNetwork.framework in Frameworks */,
				E0BACAB4163526AA00C53728 /* UIKit.framework in Frameworks */,
				E0BACAB6163526AA00C53728 /* Foundation.framework in Frameworks */,
				E0BACAB8163526AA00C53728 /* CoreGraphics.framework in Frameworks */,
			);
			runOnlyForDeploymentPostprocessing = 0;
		};
/* End PBXFrameworksBuildPhase section */

/* Begin PBXGroup section */
		E0BACAA4163526AA00C53728 = {
			isa = PBXGroup;
			children = (
				E0BACC0F163529A100C53728 /* icon114.png */,
				E0BACC0D1635299800C53728 /* icon57.png */,
				E0BACAB9163526AA00C53728 /* YokoManual */,
				E0BACAB2163526AA00C53728 /* Frameworks */,
				E0BACAB0163526AA00C53728 /* Products */,
			);
			sourceTree = "<group>";
		};
		E0BACAB0163526AA00C53728 /* Products */ = {
			isa = PBXGroup;
			children = (
				E0BACAAF163526AA00C53728 /* YokoManual.app */,
			);
			name = Products;
			sourceTree = "<group>";
		};
		E0BACAB2163526AA00C53728 /* Frameworks */ = {
			isa = PBXGroup;
			children = (
				E0BACC071635294B00C53728 /* libz.dylib */,
				E0BACC0B1635297100C53728 /* QuartzCore.framework */,
				E0BACC091635295400C53728 /* MobileCoreServices.framework */,
				E0BACC051635293800C53728 /* SystemConfiguration.framework */,
				E0BACC031635292F00C53728 /* CFNetwork.framework */,
				E0BACAB3163526AA00C53728 /* UIKit.framework */,
				E0BACAB5163526AA00C53728 /* Foundation.framework */,
				E0BACAB7163526AA00C53728 /* CoreGraphics.framework */,
			);
			name = Frameworks;
			sourceTree = "<group>";
		};
		E0BACAB9163526AA00C53728 /* YokoManual */ = {
			isa = PBXGroup;
			children = (
				E0BACB58163527AE00C53728 /* thirdpart */,
				E0BACAD9163527A900C53728 /* asihttp */,
				E0BACB13163527A900C53728 /* Leaves */,
				E0BACB1A163527A900C53728 /* sbjson */,
				E0BACB651635280100C53728 /* YKAppDelegate.h */,
				E0BACB661635280100C53728 /* YKAppDelegate.m */,
				E0BACB6C1635280100C53728 /* YKViewController.h */,
				E0BACB6D1635280100C53728 /* YKViewController.m */,
				E0BACC11163529FD00C53728 /* YKViewController.xib */,
				E0BACB671635280100C53728 /* YKContentsViewController.h */,
				E0BACB681635280100C53728 /* YKContentsViewController.m */,
				E0BACB691635280100C53728 /* YKContentsViewController.xib */,
				E0BACB6A1635280100C53728 /* YKReadViewController.h */,
				E0BACB6B1635280100C53728 /* YKReadViewController.m */,
				E0BACABA163526AB00C53728 /* Supporting Files */,
			);
			path = YokoManual;
			sourceTree = "<group>";
		};
		E0BACABA163526AB00C53728 /* Supporting Files */ = {
			isa = PBXGroup;
			children = (
				E0BACC1416352ACA00C53728 /* content */,
				E0BACB741635283B00C53728 /* resource */,
				E0BACABB163526AB00C53728 /* YokoManual-Info.plist */,
				E0BACABC163526AB00C53728 /* InfoPlist.strings */,
				E0BACABF163526AB00C53728 /* main.m */,
				E0BACAC1163526AB00C53728 /* YokoManual-Prefix.pch */,
			);
			name = "Supporting Files";
			sourceTree = "<group>";
		};
		E0BACAD9163527A900C53728 /* asihttp */ = {
			isa = PBXGroup;
			children = (
				E0BACBA31635289C00C53728 /* ASIAuthenticationDialog.h */,
				E0BACBA41635289C00C53728 /* ASIAuthenticationDialog.m */,
				E0BACBA51635289C00C53728 /* ASICacheDelegate.h */,
				E0BACBA61635289C00C53728 /* ASIDataCompressor.h */,
				E0BACBA71635289C00C53728 /* ASIDataCompressor.m */,
				E0BACBA81635289C00C53728 /* ASIDataDecompressor.h */,
				E0BACBA91635289C00C53728 /* ASIDataDecompressor.m */,
				E0BACBAA1635289C00C53728 /* ASIDownloadCache.h */,
				E0BACBAB1635289C00C53728 /* ASIDownloadCache.m */,
				E0BACBAC1635289C00C53728 /* ASIFormDataRequest.h */,
				E0BACBAD1635289C00C53728 /* ASIFormDataRequest.m */,
				E0BACBAE1635289C00C53728 /* ASIHTTPRequest.h */,
				E0BACBAF1635289C00C53728 /* ASIHTTPRequest.m */,
				E0BACBB01635289C00C53728 /* ASIHTTPRequestConfig.h */,
				E0BACBB11635289C00C53728 /* ASIHTTPRequestDelegate.h */,
				E0BACBB21635289C00C53728 /* ASIInputStream.h */,
				E0BACBB31635289C00C53728 /* ASIInputStream.m */,
				E0BACBB41635289C00C53728 /* ASINetworkQueue.h */,
				E0BACBB51635289C00C53728 /* ASINetworkQueue.m */,
				E0BACBB61635289C00C53728 /* ASIProgressDelegate.h */,
			);
			path = asihttp;
			sourceTree = "<group>";
		};
		E0BACB13163527A900C53728 /* Leaves */ = {
			isa = PBXGroup;
			children = (
				E0BACB14163527A900C53728 /* LeavesCache.h */,
				E0BACB15163527A900C53728 /* LeavesCache.m */,
				E0BACB16163527A900C53728 /* LeavesView.h */,
				E0BACB17163527A900C53728 /* LeavesView.m */,
				E0BACB18163527A900C53728 /* LeavesViewController.h */,
				E0BACB19163527A900C53728 /* LeavesViewController.m */,
			);
			path = Leaves;
			sourceTree = "<group>";
		};
		E0BACB1A163527A900C53728 /* sbjson */ = {
			isa = PBXGroup;
			children = (
				E0BACB1B163527A900C53728 /* JSON.h */,
				E0BACB1C163527A900C53728 /* NSObject+SBJSON.h */,
				E0BACB1D163527A900C53728 /* NSObject+SBJSON.m */,
				E0BACB1E163527A900C53728 /* NSString+SBJSON.h */,
				E0BACB1F163527A900C53728 /* NSString+SBJSON.m */,
				E0BACB20163527A900C53728 /* SBJsonBase.h */,
				E0BACB21163527A900C53728 /* SBJsonBase.m */,
				E0BACB22163527A900C53728 /* SBJsonParser.h */,
				E0BACB23163527A900C53728 /* SBJsonParser.m */,
				E0BACB24163527A900C53728 /* SBJsonWriter.h */,
				E0BACB25163527A900C53728 /* SBJsonWriter.m */,
			);
			path = sbjson;
			sourceTree = "<group>";
		};
		E0BACB58163527AE00C53728 /* thirdpart */ = {
			isa = PBXGroup;
			children = (
				E0BACB59163527DC00C53728 /* MBProgressHUD.h */,
				E0BACB5A163527DC00C53728 /* MBProgressHUD.m */,
				E0BACB5B163527DC00C53728 /* Reachability.h */,
				E0BACB5C163527DC00C53728 /* Reachability.m */,
				E0BACB5D163527DC00C53728 /* XLSinaAuthorizeController.h */,
				E0BACB5E163527DC00C53728 /* XLSinaAuthorizeController.m */,
				E0BACB5F163527DC00C53728 /* XLSinaEngine.h */,
				E0BACB60163527DC00C53728 /* XLSinaEngine.m */,
			);
			name = thirdpart;
			sourceTree = "<group>";
		};
		E0BACB741635283B00C53728 /* resource */ = {
			isa = PBXGroup;
			children = (
				E0BACB751635286C00C53728 /* add@2x.png */,
				E0BACB761635286C00C53728 /* back@2x.png */,
				E0BACB771635286C00C53728 /* content_bg@2x.png */,
				E0BACB781635286C00C53728 /* cover@2x.png */,
				E0BACB791635286C00C53728 /* share@2x.png */,
				E0BACB7A1635286C00C53728 /* start_read_sel@2x.png */,
				E0BACB7B1635286C00C53728 /* start_read@2x.png */,
				E0BACB7C1635286C00C53728 /* title_btn_sel@2x.png */,
				E0BACB7D1635286C00C53728 /* title_btn@2x.png */,
			);
			name = resource;
			sourceTree = "<group>";
		};
		E0BACC1416352ACA00C53728 /* content */ = {
			isa = PBXGroup;
			children = (
				E0BACC1516352ACA00C53728 /* 1.jpg */,
				E0BACC1616352ACA00C53728 /* 10.jpg */,
				E0BACC1716352ACA00C53728 /* 11.jpg */,
				E0BACC1816352ACA00C53728 /* 12.jpg */,
				E0BACC1916352ACA00C53728 /* 13.jpg */,
				E0BACC1A16352ACA00C53728 /* 14.jpg */,
				E0BACC1B16352ACA00C53728 /* 15.jpg */,
				E0BACC1C16352ACA00C53728 /* 16.jpg */,
				E0BACC1D16352ACA00C53728 /* 17.jpg */,
				E0BACC1E16352ACA00C53728 /* 18.jpg */,
				E0BACC1F16352ACA00C53728 /* 19.jpg */,
				E0BACC2016352ACA00C53728 /* 2.jpg */,
				E0BACC2116352ACA00C53728 /* 20.jpg */,
				E0BACC2216352ACA00C53728 /* 21.jpg */,
				E0BACC2316352ACA00C53728 /* 22.jpg */,
				E0BACC2416352ACA00C53728 /* 23.jpg */,
				E0899FE21635989400C63744 /* 32.jpg */,
				E0BACC2516352ACA00C53728 /* 24.jpg */,
				E0BACC2616352ACA00C53728 /* 25.jpg */,
				E0BACC2716352ACA00C53728 /* 26.jpg */,
				E0BACC2816352ACA00C53728 /* 27.jpg */,
				E0BACC2916352ACA00C53728 /* 28.jpg */,
				E0BACC2A16352ACA00C53728 /* 29.jpg */,
				E0BACC5316352DF300C53728 /* 0.jpg */,
				E0BACC2B16352ACA00C53728 /* 3.jpg */,
				E0BACC2C16352ACA00C53728 /* 30.jpg */,
				E0BACC2D16352ACA00C53728 /* 31.jpg */,
				E0BACC2E16352ACA00C53728 /* 4.jpg */,
				E0BACC2F16352ACA00C53728 /* 5.jpg */,
				E0BACC3016352ACA00C53728 /* 6.jpg */,
				E0BACC3116352ACA00C53728 /* 7.jpg */,
				E0BACC3216352ACA00C53728 /* 8.jpg */,
				E0BACC3316352ACA00C53728 /* 9.jpg */,
			);
			path = content;
			sourceTree = "<group>";
		};
/* End PBXGroup section */

/* Begin PBXNativeTarget section */
		E0BACAAE163526AA00C53728 /* YokoManual */ = {
			isa = PBXNativeTarget;
			buildConfigurationList = E0BACACD163526AB00C53728 /* Build configuration list for PBXNativeTarget "YokoManual" */;
			buildPhases = (
				E0BACAAB163526AA00C53728 /* Sources */,
				E0BACAAC163526AA00C53728 /* Frameworks */,
				E0BACAAD163526AA00C53728 /* Resources */,
			);
			buildRules = (
			);
			dependencies = (
			);
			name = YokoManual;
			productName = YokoManual;
			productReference = E0BACAAF163526AA00C53728 /* YokoManual.app */;
			productType = "com.apple.product-type.application";
		};
/* End PBXNativeTarget section */

/* Begin PBXProject section */
		E0BACAA6163526AA00C53728 /* Project object */ = {
			isa = PBXProject;
			attributes = {
				CLASSPREFIX = XL;
				LastUpgradeCheck = 0450;
				ORGANIZATIONNAME = xieliang;
			};
			buildConfigurationList = E0BACAA9163526AA00C53728 /* Build configuration list for PBXProject "YokoManual" */;
			compatibilityVersion = "Xcode 3.2";
			developmentRegion = English;
			hasScannedForEncodings = 0;
			knownRegions = (
				en,
			);
			mainGroup = E0BACAA4163526AA00C53728;
			productRefGroup = E0BACAB0163526AA00C53728 /* Products */;
			projectDirPath = "";
			projectRoot = "";
			targets = (
				E0BACAAE163526AA00C53728 /* YokoManual */,
			);
		};
/* End PBXProject section */

/* Begin PBXResourcesBuildPhase section */
		E0BACAAD163526AA00C53728 /* Resources */ = {
			isa = PBXResourcesBuildPhase;
			buildActionMask = 2147483647;
			files = (
				E0BACABE163526AB00C53728 /* InfoPlist.strings in Resources */,
				E0BACB701635280100C53728 /* YKContentsViewController.xib in Resources */,
				E0BACB7E1635286C00C53728 /* add@2x.png in Resources */,
				E0BACB7F1635286C00C53728 /* back@2x.png in Resources */,
				E0BACB801635286C00C53728 /* content_bg@2x.png in Resources */,
				E0BACB811635286C00C53728 /* cover@2x.png in Resources */,
				E0BACB821635286C00C53728 /* share@2x.png in Resources */,
				E0BACB831635286C00C53728 /* start_read_sel@2x.png in Resources */,
				E0BACB841635286C00C53728 /* start_read@2x.png in Resources */,
				E0BACB851635286C00C53728 /* title_btn_sel@2x.png in Resources */,
				E0BACB861635286C00C53728 /* title_btn@2x.png in Resources */,
				E0BACC0E1635299800C53728 /* icon57.png in Resources */,
				E0BACC10163529A100C53728 /* icon114.png in Resources */,
				E0BACC13163529FD00C53728 /* YKViewController.xib in Resources */,
				E0BACC3416352ACA00C53728 /* 1.jpg in Resources */,
				E0BACC3516352ACA00C53728 /* 10.jpg in Resources */,
				E0BACC3616352ACA00C53728 /* 11.jpg in Resources */,
				E0BACC3716352ACA00C53728 /* 12.jpg in Resources */,
				E0BACC3816352ACA00C53728 /* 13.jpg in Resources */,
				E0BACC3916352ACA00C53728 /* 14.jpg in Resources */,
				E0BACC3A16352ACA00C53728 /* 15.jpg in Resources */,
				E0BACC3B16352ACA00C53728 /* 16.jpg in Resources */,
				E0BACC3C16352ACA00C53728 /* 17.jpg in Resources */,
				E0BACC3D16352ACA00C53728 /* 18.jpg in Resources */,
				E0BACC3E16352ACA00C53728 /* 19.jpg in Resources */,
				E0BACC3F16352ACA00C53728 /* 2.jpg in Resources */,
				E0BACC4016352ACA00C53728 /* 20.jpg in Resources */,
				E0BACC4116352ACA00C53728 /* 21.jpg in Resources */,
				E0BACC4216352ACA00C53728 /* 22.jpg in Resources */,
				E0BACC4316352ACA00C53728 /* 23.jpg in Resources */,
				E0BACC4416352ACA00C53728 /* 24.jpg in Resources */,
				E0BACC4516352ACA00C53728 /* 25.jpg in Resources */,
				E0BACC4616352ACA00C53728 /* 26.jpg in Resources */,
				E0BACC4716352ACA00C53728 /* 27.jpg in Resources */,
				E0BACC4816352ACA00C53728 /* 28.jpg in Resources */,
				E0BACC4916352ACA00C53728 /* 29.jpg in Resources */,
				E0BACC4A16352ACA00C53728 /* 3.jpg in Resources */,
				E0BACC4B16352ACA00C53728 /* 30.jpg in Resources */,
				E0BACC4C16352ACA00C53728 /* 31.jpg in Resources */,
				E0BACC4D16352ACA00C53728 /* 4.jpg in Resources */,
				E0BACC4E16352ACA00C53728 /* 5.jpg in Resources */,
				E0BACC4F16352ACA00C53728 /* 6.jpg in Resources */,
				E0BACC5016352ACA00C53728 /* 7.jpg in Resources */,
				E0BACC5116352ACA00C53728 /* 8.jpg in Resources */,
				E0BACC5216352ACA00C53728 /* 9.jpg in Resources */,
				E0BACC5416352DF300C53728 /* 0.jpg in Resources */,
				E0899FE31635989400C63744 /* 32.jpg in Resources */,
			);
			runOnlyForDeploymentPostprocessing = 0;
		};
/* End PBXResourcesBuildPhase section */

/* Begin PBXSourcesBuildPhase section */
		E0BACAAB163526AA00C53728 /* Sources */ = {
			isa = PBXSourcesBuildPhase;
			buildActionMask = 2147483647;
			files = (
				E0BACAC0163526AB00C53728 /* main.m in Sources */,
				E0BACB4F163527A900C53728 /* LeavesCache.m in Sources */,
				E0BACB50163527A900C53728 /* LeavesView.m in Sources */,
				E0BACB51163527A900C53728 /* LeavesViewController.m in Sources */,
				E0BACB52163527A900C53728 /* NSObject+SBJSON.m in Sources */,
				E0BACB53163527A900C53728 /* NSString+SBJSON.m in Sources */,
				E0BACB54163527A900C53728 /* SBJsonBase.m in Sources */,
				E0BACB55163527A900C53728 /* SBJsonParser.m in Sources */,
				E0BACB56163527A900C53728 /* SBJsonWriter.m in Sources */,
				E0BACB61163527DC00C53728 /* MBProgressHUD.m in Sources */,
				E0BACB62163527DC00C53728 /* Reachability.m in Sources */,
				E0BACB63163527DC00C53728 /* XLSinaAuthorizeController.m in Sources */,
				E0BACB64163527DC00C53728 /* XLSinaEngine.m in Sources */,
				E0BACB6E1635280100C53728 /* YKAppDelegate.m in Sources */,
				E0BACB6F1635280100C53728 /* YKContentsViewController.m in Sources */,
				E0BACB711635280100C53728 /* YKReadViewController.m in Sources */,
				E0BACB721635280100C53728 /* YKViewController.m in Sources */,
				E0BACBB71635289C00C53728 /* ASIAuthenticationDialog.m in Sources */,
				E0BACBB81635289C00C53728 /* ASIDataCompressor.m in Sources */,
				E0BACBB91635289C00C53728 /* ASIDataDecompressor.m in Sources */,
				E0BACBBA1635289C00C53728 /* ASIDownloadCache.m in Sources */,
				E0BACBBB1635289C00C53728 /* ASIFormDataRequest.m in Sources */,
				E0BACBBC1635289C00C53728 /* ASIHTTPRequest.m in Sources */,
				E0BACBBD1635289C00C53728 /* ASIInputStream.m in Sources */,
				E0BACBBE1635289C00C53728 /* ASINetworkQueue.m in Sources */,
			);
			runOnlyForDeploymentPostprocessing = 0;
		};
/* End PBXSourcesBuildPhase section */

/* Begin PBXVariantGroup section */
		E0BACABC163526AB00C53728 /* InfoPlist.strings */ = {
			isa = PBXVariantGroup;
			children = (
				E0BACABD163526AB00C53728 /* en */,
			);
			name = InfoPlist.strings;
			sourceTree = "<group>";
		};
		E0BACC11163529FD00C53728 /* YKViewController.xib */ = {
			isa = PBXVariantGroup;
			children = (
				E0BACC12163529FD00C53728 /* en */,
			);
			name = YKViewController.xib;
			sourceTree = "<group>";
		};
/* End PBXVariantGroup section */

/* Begin XCBuildConfiguration section */
		E0BACACB163526AB00C53728 /* Debug */ = {
			isa = XCBuildConfiguration;
			buildSettings = {
				ALWAYS_SEARCH_USER_PATHS = NO;
				CLANG_CXX_LANGUAGE_STANDARD = "gnu++0x";
				CLANG_CXX_LIBRARY = "libc++";
				CLANG_WARN_EMPTY_BODY = YES;
				CLANG_WARN__DUPLICATE_METHOD_MATCH = YES;
				"CODE_SIGN_IDENTITY[sdk=iphoneos*]" = "iPhone Developer";
				COPY_PHASE_STRIP = NO;
				GCC_C_LANGUAGE_STANDARD = gnu99;
				GCC_DYNAMIC_NO_PIC = NO;
				GCC_OPTIMIZATION_LEVEL = 0;
				GCC_PREPROCESSOR_DEFINITIONS = (
					"DEBUG=1",
					"$(inherited)",
				);
				GCC_SYMBOLS_PRIVATE_EXTERN = NO;
				GCC_WARN_ABOUT_RETURN_TYPE = YES;
				GCC_WARN_UNINITIALIZED_AUTOS = YES;
				GCC_WARN_UNUSED_VARIABLE = YES;
				IPHONEOS_DEPLOYMENT_TARGET = 6.0;
				SDKROOT = iphoneos;
			};
			name = Debug;
		};
		E0BACACC163526AB00C53728 /* Release */ = {
			isa = XCBuildConfiguration;
			buildSettings = {
				ALWAYS_SEARCH_USER_PATHS = NO;
				CLANG_CXX_LANGUAGE_STANDARD = "gnu++0x";
				CLANG_CXX_LIBRARY = "libc++";
				CLANG_WARN_EMPTY_BODY = YES;
				CLANG_WARN__DUPLICATE_METHOD_MATCH = YES;
				"CODE_SIGN_IDENTITY[sdk=iphoneos*]" = "iPhone Developer";
				COPY_PHASE_STRIP = YES;
				GCC_C_LANGUAGE_STANDARD = gnu99;
				GCC_WARN_ABOUT_RETURN_TYPE = YES;
				GCC_WARN_UNINITIALIZED_AUTOS = YES;
				GCC_WARN_UNUSED_VARIABLE = YES;
				IPHONEOS_DEPLOYMENT_TARGET = 6.0;
				OTHER_CFLAGS = "-DNS_BLOCK_ASSERTIONS=1";
				SDKROOT = iphoneos;
				VALIDATE_PRODUCT = YES;
			};
			name = Release;
		};
		E0BACACE163526AB00C53728 /* Debug */ = {
			isa = XCBuildConfiguration;
			buildSettings = {
				GCC_PRECOMPILE_PREFIX_HEADER = YES;
				GCC_PREFIX_HEADER = "YokoManual/YokoManual-Prefix.pch";
				INFOPLIST_FILE = "YokoManual/YokoManual-Info.plist";
				IPHONEOS_DEPLOYMENT_TARGET = 4.3;
				PRODUCT_NAME = "$(TARGET_NAME)";
				WRAPPER_EXTENSION = app;
			};
			name = Debug;
		};
		E0BACACF163526AB00C53728 /* Release */ = {
			isa = XCBuildConfiguration;
			buildSettings = {
				GCC_PRECOMPILE_PREFIX_HEADER = YES;
				GCC_PREFIX_HEADER = "YokoManual/YokoManual-Prefix.pch";
				INFOPLIST_FILE = "YokoManual/YokoManual-Info.plist";
				IPHONEOS_DEPLOYMENT_TARGET = 4.3;
				PRODUCT_NAME = "$(TARGET_NAME)";
				WRAPPER_EXTENSION = app;
			};
			name = Release;
		};
/* End XCBuildConfiguration section */

/* Begin XCConfigurationList section */
		E0BACAA9163526AA00C53728 /* Build configuration list for PBXProject "YokoManual" */ = {
			isa = XCConfigurationList;
			buildConfigurations = (
				E0BACACB163526AB00C53728 /* Debug */,
				E0BACACC163526AB00C53728 /* Release */,
			);
			defaultConfigurationIsVisible = 0;
			defaultConfigurationName = Release;
		};
		E0BACACD163526AB00C53728 /* Build configuration list for PBXNativeTarget "YokoManual" */ = {
			isa = XCConfigurationList;
			buildConfigurations = (
				E0BACACE163526AB00C53728 /* Debug */,
				E0BACACF163526AB00C53728 /* Release */,
			);
			defaultConfigurationIsVisible = 0;
			defaultConfigurationName = Release;
		};
/* End XCConfigurationList section */
	};
	rootObject = E0BACAA6163526AA00C53728 /* Project object */;
}
